
Microsoft Visual Studio Solution File, Format Version 12.00
# Visual Studio Version 17
VisualStudioVersion = 17.5.33530.505
MinimumVisualStudioVersion = 10.0.40219.1
Project("{FAE04EC0-301F-11D3-BF4B-00C04F79EFBC}") = "AsherWebApplication1", "AsherWebApplication1.csproj", "{24A2597F-C797-4048-9A0C-292275672DE0}"
EndProject
Global
	GlobalSection(SolutionConfigurationPlatforms) = preSolution
		Debug|Any CPU = Debug|Any CPU
		Release|Any CPU = Release|Any CPU
	EndGlobalSection
	GlobalSection(ProjectConfigurationPlatforms) = postSolution
		{24A2597F-C797-4048-9A0C-292275672DE0}.Debug|Any CPU.ActiveCfg = Debug|Any CPU
		{24A2597F-C797-4048-9A0C-292275672DE0}.Debug|Any CPU.Build.0 = Debug|Any CPU
		{24A2597F-C797-4048-9A0C-292275672DE0}.Release|Any CPU.ActiveCfg = Release|Any CPU
		{24A2597F-C797-4048-9A0C-292275672DE0}.Release|Any CPU.Build.0 = Release|Any CPU
	EndGlobalSection
	GlobalSection(SolutionProperties) = preSolution
		HideSolutionNode = FALSE
	EndGlobalSection
	GlobalSection(ExtensibilityGlobals) = postSolution
		SolutionGuid = {473368B6-4DE5-4C5F-937E-8815C0ED009F}
	EndGlobalSection
EndGlobal
